// !$*UTF8*$!
{
	archiveVersion = 1;
	classes = {
	};
	objectVersion = 46;
	objects = {

/* Begin PBXBuildFile section */
		6B139A141DBC96C500EA5E83 /* main.m in Sources */ = {isa = PBXBuildFile; fileRef = 6B139A131DBC96C500EA5E83 /* main.m */; };
		6B139A1F1DBC96C500EA5E83 /* Assets.xcassets in Resources */ = {isa = PBXBuildFile; fileRef = 6B139A1E1DBC96C500EA5E83 /* Assets.xcassets */; };
		6B139A221DBC96C500EA5E83 /* LaunchScreen.storyboard in Resources */ = {isa = PBXBuildFile; fileRef = 6B139A201DBC96C500EA5E83 /* LaunchScreen.storyboard */; };
		6B139A2D1DBC96C600EA5E83 /* PYSearchExampleTests.m in Sources */ = {isa = PBXBuildFile; fileRef = 6B139A2C1DBC96C600EA5E83 /* PYSearchExampleTests.m */; };
		6B139A381DBC96C600EA5E83 /* PYSearchExampleUITests.m in Sources */ = {isa = PBXBuildFile; fileRef = 6B139A371DBC96C600EA5E83 /* PYSearchExampleUITests.m */; };
		6B139A4B1DBC96EB00EA5E83 /* AppDelegate.m in Sources */ = {isa = PBXBuildFile; fileRef = 6B139A461DBC96EB00EA5E83 /* AppDelegate.m */; };
		6B139A4C1DBC96EB00EA5E83 /* PYSearchExampleController.m in Sources */ = {isa = PBXBuildFile; fileRef = 6B139A481DBC96EB00EA5E83 /* PYSearchExampleController.m */; };
		6B139A5B1DBC971E00EA5E83 /* PYSearch.bundle in Resources */ = {isa = PBXBuildFile; fileRef = 6B139A4F1DBC971E00EA5E83 /* PYSearch.bundle */; };
		6B139A5C1DBC971E00EA5E83 /* PYSearchConst.m in Sources */ = {isa = PBXBuildFile; fileRef = 6B139A521DBC971E00EA5E83 /* PYSearchConst.m */; };
		6B139A5D1DBC971E00EA5E83 /* PYSearchSuggestionViewController.m in Sources */ = {isa = PBXBuildFile; fileRef = 6B139A541DBC971E00EA5E83 /* PYSearchSuggestionViewController.m */; };
		6B139A5E1DBC971E00EA5E83 /* PYSearchViewController.m in Sources */ = {isa = PBXBuildFile; fileRef = 6B139A561DBC971E00EA5E83 /* PYSearchViewController.m */; };
		6B139A5F1DBC971E00EA5E83 /* UIColor+PYExtension.m in Sources */ = {isa = PBXBuildFile; fileRef = 6B139A581DBC971E00EA5E83 /* UIColor+PYExtension.m */; };
		6B139A601DBC971E00EA5E83 /* UIView+PYExtension.m in Sources */ = {isa = PBXBuildFile; fileRef = 6B139A5A1DBC971E00EA5E83 /* UIView+PYExtension.m */; };
/* End PBXBuildFile section */

/* Begin PBXContainerItemProxy section */
		6B139A291DBC96C600EA5E83 /* PBXContainerItemProxy */ = {
			isa = PBXContainerItemProxy;
			containerPortal = 6B139A071DBC96C500EA5E83 /* Project object */;
			proxyType = 1;
			remoteGlobalIDString = 6B139A0E1DBC96C500EA5E83;
			remoteInfo = PYSearchExample;
		};
		6B139A341DBC96C600EA5E83 /* PBXContainerItemProxy */ = {
			isa = PBXContainerItemProxy;
			containerPortal = 6B139A071DBC96C500EA5E83 /* Project object */;
			proxyType = 1;
			remoteGlobalIDString = 6B139A0E1DBC96C500EA5E83;
			remoteInfo = PYSearchExample;
		};
/* End PBXContainerItemProxy section */

/* Begin PBXFileReference section */
		6B139A0F1DBC96C500EA5E83 /* PYSearchExample.app */ = {isa = PBXFileReference; explicitFileType = wrapper.application; includeInIndex = 0; path = PYSearchExample.app; sourceTree = BUILT_PRODUCTS_DIR; };
		6B139A131DBC96C500EA5E83 /* main.m */ = {isa = PBXFileReference; lastKnownFileType = sourcecode.c.objc; path = main.m; sourceTree = "<group>"; };
		6B139A1E1DBC96C500EA5E83 /* Assets.xcassets */ = {isa = PBXFileReference; lastKnownFileType = folder.assetcatalog; path = Assets.xcassets; sourceTree = "<group>"; };
		6B139A211DBC96C500EA5E83 /* Base */ = {isa = PBXFileReference; lastKnownFileType = file.storyboard; name = Base; path = Base.lproj/LaunchScreen.storyboard; sourceTree = "<group>"; };
		6B139A231DBC96C500EA5E83 /* Info.plist */ = {isa = PBXFileReference; lastKnownFileType = text.plist.xml; path = Info.plist; sourceTree = "<group>"; };
		6B139A281DBC96C600EA5E83 /* PYSearchExampleTests.xctest */ = {isa = PBXFileReference; explicitFileType = wrapper.cfbundle; includeInIndex = 0; path = PYSearchExampleTests.xctest; sourceTree = BUILT_PRODUCTS_DIR; };
		6B139A2C1DBC96C600EA5E83 /* PYSearchExampleTests.m */ = {isa = PBXFileReference; lastKnownFileType = sourcecode.c.objc; path = PYSearchExampleTests.m; sourceTree = "<group>"; };
		6B139A2E1DBC96C600EA5E83 /* Info.plist */ = {isa = PBXFileReference; lastKnownFileType = text.plist.xml; path = Info.plist; sourceTree = "<group>"; };
		6B139A331DBC96C600EA5E83 /* PYSearchExampleUITests.xctest */ = {isa = PBXFileReference; explicitFileType = wrapper.cfbundle; includeInIndex = 0; path = PYSearchExampleUITests.xctest; sourceTree = BUILT_PRODUCTS_DIR; };
		6B139A371DBC96C600EA5E83 /* PYSearchExampleUITests.m */ = {isa = PBXFileReference; lastKnownFileType = sourcecode.c.objc; path = PYSearchExampleUITests.m; sourceTree = "<group>"; };
		6B139A391DBC96C600EA5E83 /* Info.plist */ = {isa = PBXFileReference; lastKnownFileType = text.plist.xml; path = Info.plist; sourceTree = "<group>"; };
		6B139A451DBC96EB00EA5E83 /* AppDelegate.h */ = {isa = PBXFileReference; fileEncoding = 4; lastKnownFileType = sourcecode.c.h; path = AppDelegate.h; sourceTree = "<group>"; };
		6B139A461DBC96EB00EA5E83 /* AppDelegate.m */ = {isa = PBXFileReference; fileEncoding = 4; lastKnownFileType = sourcecode.c.objc; path = AppDelegate.m; sourceTree = "<group>"; };
		6B139A471DBC96EB00EA5E83 /* PYSearchExampleController.h */ = {isa = PBXFileReference; fileEncoding = 4; lastKnownFileType = sourcecode.c.h; path = PYSearchExampleController.h; sourceTree = "<group>"; };
		6B139A481DBC96EB00EA5E83 /* PYSearchExampleController.m */ = {isa = PBXFileReference; fileEncoding = 4; lastKnownFileType = sourcecode.c.objc; path = PYSearchExampleController.m; sourceTree = "<group>"; };
		6B139A4F1DBC971E00EA5E83 /* PYSearch.bundle */ = {isa = PBXFileReference; lastKnownFileType = "wrapper.plug-in"; path = PYSearch.bundle; sourceTree = "<group>"; };
		6B139A501DBC971E00EA5E83 /* PYSearch.h */ = {isa = PBXFileReference; fileEncoding = 4; lastKnownFileType = sourcecode.c.h; path = PYSearch.h; sourceTree = "<group>"; };
		6B139A511DBC971E00EA5E83 /* PYSearchConst.h */ = {isa = PBXFileReference; fileEncoding = 4; lastKnownFileType = sourcecode.c.h; path = PYSearchConst.h; sourceTree = "<group>"; };
		6B139A521DBC971E00EA5E83 /* PYSearchConst.m */ = {isa = PBXFileReference; fileEncoding = 4; lastKnownFileType = sourcecode.c.objc; path = PYSearchConst.m; sourceTree = "<group>"; };
		6B139A531DBC971E00EA5E83 /* PYSearchSuggestionViewController.h */ = {isa = PBXFileReference; fileEncoding = 4; lastKnownFileType = sourcecode.c.h; path = PYSearchSuggestionViewController.h; sourceTree = "<group>"; };
		6B139A541DBC971E00EA5E83 /* PYSearchSuggestionViewController.m */ = {isa = PBXFileReference; fileEncoding = 4; lastKnownFileType = sourcecode.c.objc; path = PYSearchSuggestionViewController.m; sourceTree = "<group>"; };
		6B139A551DBC971E00EA5E83 /* PYSearchViewController.h */ = {isa = PBXFileReference; fileEncoding = 4; lastKnownFileType = sourcecode.c.h; path = PYSearchViewController.h; sourceTree = "<group>"; };
		6B139A561DBC971E00EA5E83 /* PYSearchViewController.m */ = {isa = PBXFileReference; fileEncoding = 4; lastKnownFileType = sourcecode.c.objc; path = PYSearchViewController.m; sourceTree = "<group>"; };
		6B139A571DBC971E00EA5E83 /* UIColor+PYExtension.h */ = {isa = PBXFileReference; fileEncoding = 4; lastKnownFileType = sourcecode.c.h; path = "UIColor+PYExtension.h"; sourceTree = "<group>"; };
		6B139A581DBC971E00EA5E83 /* UIColor+PYExtension.m */ = {isa = PBXFileReference; fileEncoding = 4; lastKnownFileType = sourcecode.c.objc; path = "UIColor+PYExtension.m"; sourceTree = "<group>"; };
		6B139A591DBC971E00EA5E83 /* UIView+PYExtension.h */ = {isa = PBXFileReference; fileEncoding = 4; lastKnownFileType = sourcecode.c.h; path = "UIView+PYExtension.h"; sourceTree = "<group>"; };
		6B139A5A1DBC971E00EA5E83 /* UIView+PYExtension.m */ = {isa = PBXFileReference; fileEncoding = 4; lastKnownFileType = sourcecode.c.objc; path = "UIView+PYExtension.m"; sourceTree = "<group>"; };
/* End PBXFileReference section */

/* Begin PBXFrameworksBuildPhase section */
		6B139A0C1DBC96C500EA5E83 /* Frameworks */ = {
			isa = PBXFrameworksBuildPhase;
			buildActionMask = 2147483647;
			files = (
			);
			runOnlyForDeploymentPostprocessing = 0;
		};
		6B139A251DBC96C600EA5E83 /* Frameworks */ = {
			isa = PBXFrameworksBuildPhase;
			buildActionMask = 2147483647;
			files = (
			);
			runOnlyForDeploymentPostprocessing = 0;
		};
		6B139A301DBC96C600EA5E83 /* Frameworks */ = {
			isa = PBXFrameworksBuildPhase;
			buildActionMask = 2147483647;
			files = (
			);
			runOnlyForDeploymentPostprocessing = 0;
		};
/* End PBXFrameworksBuildPhase section */

/* Begin PBXGroup section */
		6B139A061DBC96C500EA5E83 = {
			isa = PBXGroup;
			children = (
				6B139A111DBC96C500EA5E83 /* PYSearchExample */,
				6B139A2B1DBC96C600EA5E83 /* PYSearchExampleTests */,
				6B139A361DBC96C600EA5E83 /* PYSearchExampleUITests */,
				6B139A101DBC96C500EA5E83 /* Products */,
			);
			sourceTree = "<group>";
		};
		6B139A101DBC96C500EA5E83 /* Products */ = {
			isa = PBXGroup;
			children = (
				6B139A0F1DBC96C500EA5E83 /* PYSearchExample.app */,
				6B139A281DBC96C600EA5E83 /* PYSearchExampleTests.xctest */,
				6B139A331DBC96C600EA5E83 /* PYSearchExampleUITests.xctest */,
			);
			name = Products;
			sourceTree = "<group>";
		};
		6B139A111DBC96C500EA5E83 /* PYSearchExample */ = {
			isa = PBXGroup;
			children = (
				6B139A4E1DBC971E00EA5E83 /* PYSearch */,
				6B139A451DBC96EB00EA5E83 /* AppDelegate.h */,
				6B139A461DBC96EB00EA5E83 /* AppDelegate.m */,
				6B139A471DBC96EB00EA5E83 /* PYSearchExampleController.h */,
				6B139A481DBC96EB00EA5E83 /* PYSearchExampleController.m */,
				6B139A1E1DBC96C500EA5E83 /* Assets.xcassets */,
				6B139A201DBC96C500EA5E83 /* LaunchScreen.storyboard */,
				6B139A231DBC96C500EA5E83 /* Info.plist */,
				6B139A121DBC96C500EA5E83 /* Supporting Files */,
			);
			path = PYSearchExample;
			sourceTree = "<group>";
		};
		6B139A121DBC96C500EA5E83 /* Supporting Files */ = {
			isa = PBXGroup;
			children = (
				6B139A131DBC96C500EA5E83 /* main.m */,
			);
			name = "Supporting Files";
			sourceTree = "<group>";
		};
		6B139A2B1DBC96C600EA5E83 /* PYSearchExampleTests */ = {
			isa = PBXGroup;
			children = (
				6B139A2C1DBC96C600EA5E83 /* PYSearchExampleTests.m */,
				6B139A2E1DBC96C600EA5E83 /* Info.plist */,
			);
			path = PYSearchExampleTests;
			sourceTree = "<group>";
		};
		6B139A361DBC96C600EA5E83 /* PYSearchExampleUITests */ = {
			isa = PBXGroup;
			children = (
				6B139A371DBC96C600EA5E83 /* PYSearchExampleUITests.m */,
				6B139A391DBC96C600EA5E83 /* Info.plist */,
			);
			path = PYSearchExampleUITests;
			sourceTree = "<group>";
		};
		6B139A4E1DBC971E00EA5E83 /* PYSearch */ = {
			isa = PBXGroup;
			children = (
				6B139A4F1DBC971E00EA5E83 /* PYSearch.bundle */,
				6B139A501DBC971E00EA5E83 /* PYSearch.h */,
				6B139A511DBC971E00EA5E83 /* PYSearchConst.h */,
				6B139A521DBC971E00EA5E83 /* PYSearchConst.m */,
				6B139A531DBC971E00EA5E83 /* PYSearchSuggestionViewController.h */,
				6B139A541DBC971E00EA5E83 /* PYSearchSuggestionViewController.m */,
				6B139A551DBC971E00EA5E83 /* PYSearchViewController.h */,
				6B139A561DBC971E00EA5E83 /* PYSearchViewController.m */,
				6B139A571DBC971E00EA5E83 /* UIColor+PYExtension.h */,
				6B139A581DBC971E00EA5E83 /* UIColor+PYExtension.m */,
				6B139A591DBC971E00EA5E83 /* UIView+PYExtension.h */,
				6B139A5A1DBC971E00EA5E83 /* UIView+PYExtension.m */,
			);
			name = PYSearch;
			path = ../../PYSearch;
			sourceTree = "<group>";
		};
/* End PBXGroup section */

/* Begin PBXNativeTarget section */
		6B139A0E1DBC96C500EA5E83 /* PYSearchExample */ = {
			isa = PBXNativeTarget;
			buildConfigurationList = 6B139A3C1DBC96C600EA5E83 /* Build configuration list for PBXNativeTarget "PYSearchExample" */;
			buildPhases = (
				6B139A0B1DBC96C500EA5E83 /* Sources */,
				6B139A0C1DBC96C500EA5E83 /* Frameworks */,
				6B139A0D1DBC96C500EA5E83 /* Resources */,
			);
			buildRules = (
			);
			dependencies = (
			);
			name = PYSearchExample;
			productName = PYSearchExample;
			productReference = 6B139A0F1DBC96C500EA5E83 /* PYSearchExample.app */;
			productType = "com.apple.product-type.application";
		};
		6B139A271DBC96C600EA5E83 /* PYSearchExampleTests */ = {
			isa = PBXNativeTarget;
			buildConfigurationList = 6B139A3F1DBC96C600EA5E83 /* Build configuration list for PBXNativeTarget "PYSearchExampleTests" */;
			buildPhases = (
				6B139A241DBC96C600EA5E83 /* Sources */,
				6B139A251DBC96C600EA5E83 /* Frameworks */,
				6B139A261DBC96C600EA5E83 /* Resources */,
			);
			buildRules = (
			);
			dependencies = (
				6B139A2A1DBC96C600EA5E83 /* PBXTargetDependency */,
			);
			name = PYSearchExampleTests;
			productName = PYSearchExampleTests;
			productReference = 6B139A281DBC96C600EA5E83 /* PYSearchExampleTests.xctest */;
			productType = "com.apple.product-type.bundle.unit-test";
		};
		6B139A321DBC96C600EA5E83 /* PYSearchExampleUITests */ = {
			isa = PBXNativeTarget;
			buildConfigurationList = 6B139A421DBC96C600EA5E83 /* Build configuration list for PBXNativeTarget "PYSearchExampleUITests" */;
			buildPhases = (
				6B139A2F1DBC96C600EA5E83 /* Sources */,
				6B139A301DBC96C600EA5E83 /* Frameworks */,
				6B139A311DBC96C600EA5E83 /* Resources */,
			);
			buildRules = (
			);
			dependencies = (
				6B139A351DBC96C600EA5E83 /* PBXTargetDependency */,
			);
			name = PYSearchExampleUITests;
			productName = PYSearchExampleUITests;
			productReference = 6B139A331DBC96C600EA5E83 /* PYSearchExampleUITests.xctest */;
			productType = "com.apple.product-type.bundle.ui-testing";
		};
/* End PBXNativeTarget section */

/* Begin PBXProject section */
		6B139A071DBC96C500EA5E83 /* Project object */ = {
			isa = PBXProject;
			attributes = {
				LastUpgradeCheck = 0800;
				ORGANIZATIONNAME = CoderKo1o;
				TargetAttributes = {
					6B139A0E1DBC96C500EA5E83 = {
						CreatedOnToolsVersion = 8.0;
						DevelopmentTeam = QQ6879B72L;
						ProvisioningStyle = Automatic;
					};
					6B139A271DBC96C600EA5E83 = {
						CreatedOnToolsVersion = 8.0;
						DevelopmentTeam = QQ6879B72L;
						ProvisioningStyle = Automatic;
						TestTargetID = 6B139A0E1DBC96C500EA5E83;
					};
					6B139A321DBC96C600EA5E83 = {
						CreatedOnToolsVersion = 8.0;
						DevelopmentTeam = QQ6879B72L;
						ProvisioningStyle = Automatic;
						TestTargetID = 6B139A0E1DBC96C500EA5E83;
					};
				};
			};
			buildConfigurationList = 6B139A0A1DBC96C500EA5E83 /* Build configuration list for PBXProject "PYSearchExample" */;
			compatibilityVersion = "Xcode 3.2";
			developmentRegion = English;
			hasScannedForEncodings = 0;
			knownRegions = (
				en,
				Base,
			);
			mainGroup = 6B139A061DBC96C500EA5E83;
			productRefGroup = 6B139A101DBC96C500EA5E83 /* Products */;
			projectDirPath = "";
			projectRoot = "";
			targets = (
				6B139A0E1DBC96C500EA5E83 /* PYSearchExample */,
				6B139A271DBC96C600EA5E83 /* PYSearchExampleTests */,
				6B139A321DBC96C600EA5E83 /* PYSearchExampleUITests */,
			);
		};
/* End PBXProject section */

/* Begin PBXResourcesBuildPhase section */
		6B139A0D1DBC96C500EA5E83 /* Resources */ = {
			isa = PBXResourcesBuildPhase;
			buildActionMask = 2147483647;
			files = (
				6B139A221DBC96C500EA5E83 /* LaunchScreen.storyboard in Resources */,
				6B139A5B1DBC971E00EA5E83 /* PYSearch.bundle in Resources */,
				6B139A1F1DBC96C500EA5E83 /* Assets.xcassets in Resources */,
			);
			runOnlyForDeploymentPostprocessing = 0;
		};
		6B139A261DBC96C600EA5E83 /* Resources */ = {
			isa = PBXResourcesBuildPhase;
			buildActionMask = 2147483647;
			files = (
			);
			runOnlyForDeploymentPostprocessing = 0;
		};
		6B139A311DBC96C600EA5E83 /* Resources */ = {
			isa = PBXResourcesBuildPhase;
			buildActionMask = 2147483647;
			files = (
			);
			runOnlyForDeploymentPostprocessing = 0;
		};
/* End PBXResourcesBuildPhase section */

/* Begin PBXSourcesBuildPhase section */
		6B139A0B1DBC96C500EA5E83 /* Sources */ = {
			isa = PBXSourcesBuildPhase;
			buildActionMask = 2147483647;
			files = (
				6B139A5C1DBC971E00EA5E83 /* PYSearchConst.m in Sources */,
				6B139A4C1DBC96EB00EA5E83 /* PYSearchExampleController.m in Sources */,
				6B139A4B1DBC96EB00EA5E83 /* AppDelegate.m in Sources */,
				6B139A5E1DBC971E00EA5E83 /* PYSearchViewController.m in Sources */,
				6B139A141DBC96C500EA5E83 /* main.m in Sources */,
				6B139A5F1DBC971E00EA5E83 /* UIColor+PYExtension.m in Sources */,
				6B139A601DBC971E00EA5E83 /* UIView+PYExtension.m in Sources */,
				6B139A5D1DBC971E00EA5E83 /* PYSearchSuggestionViewController.m in Sources */,
			);
			runOnlyForDeploymentPostprocessing = 0;
		};
		6B139A241DBC96C600EA5E83 /* Sources */ = {
			isa = PBXSourcesBuildPhase;
			buildActionMask = 2147483647;
			files = (
				6B139A2D1DBC96C600EA5E83 /* PYSearchExampleTests.m in Sources */,
			);
			runOnlyForDeploymentPostprocessing = 0;
		};
		6B139A2F1DBC96C600EA5E83 /* Sources */ = {
			isa = PBXSourcesBuildPhase;
			buildActionMask = 2147483647;
			files = (
				6B139A381DBC96C600EA5E83 /* PYSearchExampleUITests.m in Sources */,
			);
			runOnlyForDeploymentPostprocessing = 0;
		};
/* End PBXSourcesBuildPhase section */

/* Begin PBXTargetDependency section */
		6B139A2A1DBC96C600EA5E83 /* PBXTargetDependency */ = {
			isa = PBXTargetDependency;
			target = 6B139A0E1DBC96C500EA5E83 /* PYSearchExample */;
			targetProxy = 6B139A291DBC96C600EA5E83 /* PBXContainerItemProxy */;
		};
		6B139A351DBC96C600EA5E83 /* PBXTargetDependency */ = {
			isa = PBXTargetDependency;
			target = 6B139A0E1DBC96C500EA5E83 /* PYSearchExample */;
			targetProxy = 6B139A341DBC96C600EA5E83 /* PBXContainerItemProxy */;
		};
/* End PBXTargetDependency section */

/* Begin PBXVariantGroup section */
		6B139A201DBC96C500EA5E83 /* LaunchScreen.storyboard */ = {
			isa = PBXVariantGroup;
			children = (
				6B139A211DBC96C500EA5E83 /* Base */,
			);
			name = LaunchScreen.storyboard;
			sourceTree = "<group>";
		};
/* End PBXVariantGroup section */

/* Begin XCBuildConfiguration section */
		6B139A3A1DBC96C600EA5E83 /* Debug */ = {
			isa = XCBuildConfiguration;
			buildSettings = {
				ALWAYS_SEARCH_USER_PATHS = NO;
				CLANG_ANALYZER_NONNULL = YES;
				CLANG_CXX_LANGUAGE_STANDARD = "gnu++0x";
				CLANG_CXX_LIBRARY = "libc++";
				CLANG_ENABLE_MODULES = YES;
				CLANG_ENABLE_OBJC_ARC = YES;
				CLANG_WARN_BOOL_CONVERSION = YES;
				CLANG_WARN_CONSTANT_CONVERSION = YES;
				CLANG_WARN_DIRECT_OBJC_ISA_USAGE = YES_ERROR;
				CLANG_WARN_DOCUMENTATION_COMMENTS = YES;
				CLANG_WARN_EMPTY_BODY = YES;
				CLANG_WARN_ENUM_CONVERSION = YES;
				CLANG_WARN_INFINITE_RECURSION = YES;
				CLANG_WARN_INT_CONVERSION = YES;
				CLANG_WARN_OBJC_ROOT_CLASS = YES_ERROR;
				CLANG_WARN_SUSPICIOUS_MOVES = YES;
				CLANG_WARN_UNREACHABLE_CODE = YES;
				CLANG_WARN__DUPLICATE_METHOD_MATCH = YES;
				"CODE_SIGN_IDENTITY[sdk=iphoneos*]" = "iPhone Developer";
				COPY_PHASE_STRIP = NO;
				DEBUG_INFORMATION_FORMAT = dwarf;
				ENABLE_STRICT_OBJC_MSGSEND = YES;
				ENABLE_TESTABILITY = YES;
				GCC_C_LANGUAGE_STANDARD = gnu99;
				GCC_DYNAMIC_NO_PIC = NO;
				GCC_NO_COMMON_BLOCKS = YES;
				GCC_OPTIMIZATION_LEVEL = 0;
				GCC_PREPROCESSOR_DEFINITIONS = (
					"DEBUG=1",
					"$(inherited)",
				);
				GCC_WARN_64_TO_32_BIT_CONVERSION = YES;
				GCC_WARN_ABOUT_RETURN_TYPE = YES_ERROR;
				GCC_WARN_UNDECLARED_SELECTOR = YES;
				GCC_WARN_UNINITIALIZED_AUTOS = YES_AGGRESSIVE;
				GCC_WARN_UNUSED_FUNCTION = YES;
				GCC_WARN_UNUSED_VARIABLE = YES;
				IPHONEOS_DEPLOYMENT_TARGET = 10.0;
				MTL_ENABLE_DEBUG_INFO = YES;
				ONLY_ACTIVE_ARCH = YES;
				SDKROOT = iphoneos;
			};
			name = Debug;
		};
		6B139A3B1DBC96C600EA5E83 /* Release */ = {
			isa = XCBuildConfiguration;
			buildSettings = {
				ALWAYS_SEARCH_USER_PATHS = NO;
				CLANG_ANALYZER_NONNULL = YES;
				CLANG_CXX_LANGUAGE_STANDARD = "gnu++0x";
				CLANG_CXX_LIBRARY = "libc++";
				CLANG_ENABLE_MODULES = YES;
				CLANG_ENABLE_OBJC_ARC = YES;
				CLANG_WARN_BOOL_CONVERSION = YES;
				CLANG_WARN_CONSTANT_CONVERSION = YES;
				CLANG_WARN_DIRECT_OBJC_ISA_USAGE = YES_ERROR;
				CLANG_WARN_DOCUMENTATION_COMMENTS = YES;
				CLANG_WARN_EMPTY_BODY = YES;
				CLANG_WARN_ENUM_CONVERSION = YES;
				CLANG_WARN_INFINITE_RECURSION = YES;
				CLANG_WARN_INT_CONVERSION = YES;
				CLANG_WARN_OBJC_ROOT_CLASS = YES_ERROR;
				CLANG_WARN_SUSPICIOUS_MOVES = YES;
				CLANG_WARN_UNREACHABLE_CODE = YES;
				CLANG_WARN__DUPLICATE_METHOD_MATCH = YES;
				"CODE_SIGN_IDENTITY[sdk=iphoneos*]" = "iPhone Developer";
				COPY_PHASE_STRIP = NO;
				DEBUG_INFORMATION_FORMAT = "dwarf-with-dsym";
				ENABLE_NS_ASSERTIONS = NO;
				ENABLE_STRICT_OBJC_MSGSEND = YES;
				GCC_C_LANGUAGE_STANDARD = gnu99;
				GCC_NO_COMMON_BLOCKS = YES;
				GCC_WARN_64_TO_32_BIT_CONVERSION = YES;
				GCC_WARN_ABOUT_RETURN_TYPE = YES_ERROR;
				GCC_WARN_UNDECLARED_SELECTOR = YES;
				GCC_WARN_UNINITIALIZED_AUTOS = YES_AGGRESSIVE;
				GCC_WARN_UNUSED_FUNCTION = YES;
				GCC_WARN_UNUSED_VARIABLE = YES;
				IPHONEOS_DEPLOYMENT_TARGET = 10.0;
				MTL_ENABLE_DEBUG_INFO = NO;
				SDKROOT = iphoneos;
				VALIDATE_PRODUCT = YES;
			};
			name = Release;
		};
		6B139A3D1DBC96C600EA5E83 /* Debug */ = {
			isa = XCBuildConfiguration;
			buildSettings = {
				ASSETCATALOG_COMPILER_APPICON_NAME = AppIcon;
				DEVELOPMENT_TEAM = QQ6879B72L;
				INFOPLIST_FILE = PYSearchExample/Info.plist;
				IPHONEOS_DEPLOYMENT_TARGET = 8.0;
				LD_RUNPATH_SEARCH_PATHS = "$(inherited) @executable_path/Frameworks";
				PRODUCT_BUNDLE_IDENTIFIER = com.iphone5solo.PYSearchExample;
				PRODUCT_NAME = "$(TARGET_NAME)";
			};
			name = Debug;
		};
		6B139A3E1DBC96C600EA5E83 /* Release */ = {
			isa = XCBuildConfiguration;
			buildSettings = {
				ASSETCATALOG_COMPILER_APPICON_NAME = AppIcon;
				DEVELOPMENT_TEAM = QQ6879B72L;
				INFOPLIST_FILE = PYSearchExample/Info.plist;
				IPHONEOS_DEPLOYMENT_TARGET = 8.0;
				LD_RUNPATH_SEARCH_PATHS = "$(inherited) @executable_path/Frameworks";
				PRODUCT_BUNDLE_IDENTIFIER = com.iphone5solo.PYSearchExample;
				PRODUCT_NAME = "$(TARGET_NAME)";
			};
			name = Release;
		};
		6B139A401DBC96C600EA5E83 /* Debug */ = {
			isa = XCBuildConfiguration;
			buildSettings = {
				BUNDLE_LOADER = "$(TEST_HOST)";
				DEVELOPMENT_TEAM = QQ6879B72L;
				INFOPLIST_FILE = PYSearchExampleTests/Info.plist;
				LD_RUNPATH_SEARCH_PATHS = "$(inherited) @executable_path/Frameworks @loader_path/Frameworks";
				PRODUCT_BUNDLE_IDENTIFIER = com.iphone5solo.PYSearchExampleTests;
				PRODUCT_NAME = "$(TARGET_NAME)";
				TEST_HOST = "$(BUILT_PRODUCTS_DIR)/PYSearchExample.app/PYSearchExample";
			};
			name = Debug;
		};
		6B139A411DBC96C600EA5E83 /* Release */ = {
			isa = XCBuildConfiguration;
			buildSettings = {
				BUNDLE_LOADER = "$(TEST_HOST)";
				DEVELOPMENT_TEAM = QQ6879B72L;
				INFOPLIST_FILE = PYSearchExampleTests/Info.plist;
				LD_RUNPATH_SEARCH_PATHS = "$(inherited) @executable_path/Frameworks @loader_path/Frameworks";
				PRODUCT_BUNDLE_IDENTIFIER = com.iphone5solo.PYSearchExampleTests;
				PRODUCT_NAME = "$(TARGET_NAME)";
				TEST_HOST = "$(BUILT_PRODUCTS_DIR)/PYSearchExample.app/PYSearchExample";
			};
			name = Release;
		};
		6B139A431DBC96C600EA5E83 /* Debug */ = {
			isa = XCBuildConfiguration;
			buildSettings = {
				DEVELOPMENT_TEAM = QQ6879B72L;
				INFOPLIST_FILE = PYSearchExampleUITests/Info.plist;
				LD_RUNPATH_SEARCH_PATHS = "$(inherited) @executable_path/Frameworks @loader_path/Frameworks";
				PRODUCT_BUNDLE_IDENTIFIER = com.iphone5solo.PYSearchExampleUITests;
				PRODUCT_NAME = "$(TARGET_NAME)";
				TEST_TARGET_NAME = PYSearchExample;
			};
			name = Debug;
		};
		6B139A441DBC96C600EA5E83 /* Release */ = {
			isa = XCBuildConfiguration;
			buildSettings = {
				DEVELOPMENT_TEAM = QQ6879B72L;
				INFOPLIST_FILE = PYSearchExampleUITests/Info.plist;
				LD_RUNPATH_SEARCH_PATHS = "$(inherited) @executable_path/Frameworks @loader_path/Frameworks";
				PRODUCT_BUNDLE_IDENTIFIER = com.iphone5solo.PYSearchExampleUITests;
				PRODUCT_NAME = "$(TARGET_NAME)";
				TEST_TARGET_NAME = PYSearchExample;
			};
			name = Release;
		};
/* End XCBuildConfiguration section */

/* Begin XCConfigurationList section */
		6B139A0A1DBC96C500EA5E83 /* Build configuration list for PBXProject "PYSearchExample" */ = {
			isa = XCConfigurationList;
			buildConfigurations = (
				6B139A3A1DBC96C600EA5E83 /* Debug */,
				6B139A3B1DBC96C600EA5E83 /* Release */,
			);
			defaultConfigurationIsVisible = 0;
			defaultConfigurationName = Release;
		};
		6B139A3C1DBC96C600EA5E83 /* Build configuration list for PBXNativeTarget "PYSearchExample" */ = {
			isa = XCConfigurationList;
			buildConfigurations = (
				6B139A3D1DBC96C600EA5E83 /* Debug */,
				6B139A3E1DBC96C600EA5E83 /* Release */,
			);
			defaultConfigurationIsVisible = 0;
			defaultConfigurationName = Release;
		};
		6B139A3F1DBC96C600EA5E83 /* Build configuration list for PBXNativeTarget "PYSearchExampleTests" */ = {
			isa = XCConfigurationList;
			buildConfigurations = (
				6B139A401DBC96C600EA5E83 /* Debug */,
				6B139A411DBC96C600EA5E83 /* Release */,
			);
			defaultConfigurationIsVisible = 0;
			defaultConfigurationName = Release;
		};
		6B139A421DBC96C600EA5E83 /* Build configuration list for PBXNativeTarget "PYSearchExampleUITests" */ = {
			isa = XCConfigurationList;
			buildConfigurations = (
				6B139A431DBC96C600EA5E83 /* Debug */,
				6B139A441DBC96C600EA5E83 /* Release */,
			);
			defaultConfigurationIsVisible = 0;
			defaultConfigurationName = Release;
		};
/* End XCConfigurationList section */
	};
	rootObject = 6B139A071DBC96C500EA5E83 /* Project object */;
}
